
Microsoft Visual Studio Solution File, Format Version 12.00
# Visual Studio Version 17
VisualStudioVersion = 17.12.35514.174 d17.12
MinimumVisualStudioVersion = 10.0.40219.1
Project("{FAE04EC0-301F-11D3-BF4B-00C04F79EFBC}") = "Semana_Switch", "Semana_Switch.csproj", "{1FA97B17-2041-4829-A9F6-540C6C6FDF2D}"
EndProject
Global
	GlobalSection(SolutionConfigurationPlatforms) = preSolution
		Debug|Any CPU = Debug|Any CPU
		Release|Any CPU = Release|Any CPU
	EndGlobalSection
	GlobalSection(ProjectConfigurationPlatforms) = postSolution
		{1FA97B17-2041-4829-A9F6-540C6C6FDF2D}.Debug|Any CPU.ActiveCfg = Debug|Any CPU
		{1FA97B17-2041-4829-A9F6-540C6C6FDF2D}.Debug|Any CPU.Build.0 = Debug|Any CPU
		{1FA97B17-2041-4829-A9F6-540C6C6FDF2D}.Release|Any CPU.ActiveCfg = Release|Any CPU
		{1FA97B17-2041-4829-A9F6-540C6C6FDF2D}.Release|Any CPU.Build.0 = Release|Any CPU
	EndGlobalSection
	GlobalSection(SolutionProperties) = preSolution
		HideSolutionNode = FALSE
	EndGlobalSection
EndGlobal
